
Microsoft Visual Studio Solution File, Format Version 12.00
# Visual Studio 15
VisualStudioVersion = 15.0.28307.572
MinimumVisualStudioVersion = 10.0.40219.1
Project("{F184B08F-C81C-45F6-A57F-5ABD9991F28F}") = "Lab4", "Lab4\Lab4.vbproj", "{AD8B008C-3D8F-4998-86C3-B5AD50A1445A}"
EndProject
Global
	GlobalSection(SolutionConfigurationPlatforms) = preSolution
		Debug|Any CPU = Debug|Any CPU
		Release|Any CPU = Release|Any CPU
	EndGlobalSection
	GlobalSection(ProjectConfigurationPlatforms) = postSolution
		{AD8B008C-3D8F-4998-86C3-B5AD50A1445A}.Debug|Any CPU.ActiveCfg = Debug|Any CPU
		{AD8B008C-3D8F-4998-86C3-B5AD50A1445A}.Debug|Any CPU.Build.0 = Debug|Any CPU
		{AD8B008C-3D8F-4998-86C3-B5AD50A1445A}.Release|Any CPU.ActiveCfg = Release|Any CPU
		{AD8B008C-3D8F-4998-86C3-B5AD50A1445A}.Release|Any CPU.Build.0 = Release|Any CPU
	EndGlobalSection
	GlobalSection(SolutionProperties) = preSolution
		HideSolutionNode = FALSE
	EndGlobalSection
	GlobalSection(ExtensibilityGlobals) = postSolution
		SolutionGuid = {3899AF66-809C-4253-9C85-939372DCCCE5}
	EndGlobalSection
EndGlobal
